
Microsoft Visual Studio Solution File, Format Version 12.00
# Visual Studio Version 17
VisualStudioVersion = 17.3.32929.385
MinimumVisualStudioVersion = 10.0.40219.1
Project("{FAE04EC0-301F-11D3-BF4B-00C04F79EFBC}") = "Wpfloginscreen", "Wpfloginscreen\Wpfloginscreen.csproj", "{7E8D49F2-9F71-421D-A0B4-014B87F12CBE}"
EndProject
Global
	GlobalSection(SolutionConfigurationPlatforms) = preSolution
		Debug|Any CPU = Debug|Any CPU
		Release|Any CPU = Release|Any CPU
	EndGlobalSection
	GlobalSection(ProjectConfigurationPlatforms) = postSolution
		{7E8D49F2-9F71-421D-A0B4-014B87F12CBE}.Debug|Any CPU.ActiveCfg = Debug|Any CPU
		{7E8D49F2-9F71-421D-A0B4-014B87F12CBE}.Debug|Any CPU.Build.0 = Debug|Any CPU
		{7E8D49F2-9F71-421D-A0B4-014B87F12CBE}.Release|Any CPU.ActiveCfg = Release|Any CPU
		{7E8D49F2-9F71-421D-A0B4-014B87F12CBE}.Release|Any CPU.Build.0 = Release|Any CPU
	EndGlobalSection
	GlobalSection(SolutionProperties) = preSolution
		HideSolutionNode = FALSE
	EndGlobalSection
	GlobalSection(ExtensibilityGlobals) = postSolution
		SolutionGuid = {34A9CE7C-A1FA-4C52-8981-83FEE0C7AE1E}
	EndGlobalSection
EndGlobal
